// !$*UTF8*$!
{
	archiveVersion = 1;
	classes = {
	};
	objectVersion = 50;
	objects = {

/* Begin PBXBuildFile section */
		604C56FB20C7FBC600DFB33B /* AppDelegate.swift in Sources */ = {isa = PBXBuildFile; fileRef = 604C56FA20C7FBC600DFB33B /* AppDelegate.swift */; };
		604C56FD20C7FBC600DFB33B /* ViewController.swift in Sources */ = {isa = PBXBuildFile; fileRef = 604C56FC20C7FBC600DFB33B /* ViewController.swift */; };
		604C570020C7FBC600DFB33B /* Main.storyboard in Resources */ = {isa = PBXBuildFile; fileRef = 604C56FE20C7FBC600DFB33B /* Main.storyboard */; };
		604C570220C7FBCC00DFB33B /* Assets.xcassets in Resources */ = {isa = PBXBuildFile; fileRef = 604C570120C7FBCC00DFB33B /* Assets.xcassets */; };
		604C570520C7FBCC00DFB33B /* LaunchScreen.storyboard in Resources */ = {isa = PBXBuildFile; fileRef = 604C570320C7FBCC00DFB33B /* LaunchScreen.storyboard */; };
/* End PBXBuildFile section */

/* Begin PBXFileReference section */
		604C56F720C7FBC600DFB33B /* RecordAndTrimVideo.app */ = {isa = PBXFileReference; explicitFileType = wrapper.application; includeInIndex = 0; path = RecordAndTrimVideo.app; sourceTree = BUILT_PRODUCTS_DIR; };
		604C56FA20C7FBC600DFB33B /* AppDelegate.swift */ = {isa = PBXFileReference; lastKnownFileType = sourcecode.swift; path = AppDelegate.swift; sourceTree = "<group>"; };
		604C56FC20C7FBC600DFB33B /* ViewController.swift */ = {isa = PBXFileReference; lastKnownFileType = sourcecode.swift; path = ViewController.swift; sourceTree = "<group>"; };
		604C56FF20C7FBC600DFB33B /* Base */ = {isa = PBXFileReference; lastKnownFileType = file.storyboard; name = Base; path = Base.lproj/Main.storyboard; sourceTree = "<group>"; };
		604C570120C7FBCC00DFB33B /* Assets.xcassets */ = {isa = PBXFileReference; lastKnownFileType = folder.assetcatalog; path = Assets.xcassets; sourceTree = "<group>"; };
		604C570420C7FBCC00DFB33B /* Base */ = {isa = PBXFileReference; lastKnownFileType = file.storyboard; name = Base; path = Base.lproj/LaunchScreen.storyboard; sourceTree = "<group>"; };
		604C570620C7FBCC00DFB33B /* Info.plist */ = {isa = PBXFileReference; lastKnownFileType = text.plist.xml; path = Info.plist; sourceTree = "<group>"; };
/* End PBXFileReference section */

/* Begin PBXFrameworksBuildPhase section */
		604C56F420C7FBC500DFB33B /* Frameworks */ = {
			isa = PBXFrameworksBuildPhase;
			buildActionMask = 2147483647;
			files = (
			);
			runOnlyForDeploymentPostprocessing = 0;
		};
/* End PBXFrameworksBuildPhase section */

/* Begin PBXGroup section */
		604C56EE20C7FBC500DFB33B = {
			isa = PBXGroup;
			children = (
				604C56F920C7FBC600DFB33B /* RecordAndTrimVideo */,
				604C56F820C7FBC600DFB33B /* Products */,
			);
			sourceTree = "<group>";
		};
		604C56F820C7FBC600DFB33B /* Products */ = {
			isa = PBXGroup;
			children = (
				604C56F720C7FBC600DFB33B /* RecordAndTrimVideo.app */,
			);
			name = Products;
			sourceTree = "<group>";
		};
		604C56F920C7FBC600DFB33B /* RecordAndTrimVideo */ = {
			isa = PBXGroup;
			children = (
				604C56FA20C7FBC600DFB33B /* AppDelegate.swift */,
				604C56FC20C7FBC600DFB33B /* ViewController.swift */,
				604C56FE20C7FBC600DFB33B /* Main.storyboard */,
				604C570120C7FBCC00DFB33B /* Assets.xcassets */,
				604C570320C7FBCC00DFB33B /* LaunchScreen.storyboard */,
				604C570620C7FBCC00DFB33B /* Info.plist */,
			);
			path = RecordAndTrimVideo;
			sourceTree = "<group>";
		};
/* End PBXGroup section */

/* Begin PBXNativeTarget section */
		604C56F620C7FBC500DFB33B /* RecordAndTrimVideo */ = {
			isa = PBXNativeTarget;
			buildConfigurationList = 604C570920C7FBCC00DFB33B /* Build configuration list for PBXNativeTarget "RecordAndTrimVideo" */;
			buildPhases = (
				604C56F320C7FBC500DFB33B /* Sources */,
				604C56F420C7FBC500DFB33B /* Frameworks */,
				604C56F520C7FBC500DFB33B /* Resources */,
			);
			buildRules = (
			);
			dependencies = (
			);
			name = RecordAndTrimVideo;
			productName = RecordAndTrimVideo;
			productReference = 604C56F720C7FBC600DFB33B /* RecordAndTrimVideo.app */;
			productType = "com.apple.product-type.application";
		};
/* End PBXNativeTarget section */

/* Begin PBXProject section */
		604C56EF20C7FBC500DFB33B /* Project object */ = {
			isa = PBXProject;
			attributes = {
				LastSwiftUpdateCheck = 0940;
				LastUpgradeCheck = 0940;
				ORGANIZATIONNAME = "Aivars Meijers";
				TargetAttributes = {
					604C56F620C7FBC500DFB33B = {
						CreatedOnToolsVersion = 9.4;
					};
				};
			};
			buildConfigurationList = 604C56F220C7FBC500DFB33B /* Build configuration list for PBXProject "RecordAndTrimVideo" */;
			compatibilityVersion = "Xcode 9.3";
			developmentRegion = en;
			hasScannedForEncodings = 0;
			knownRegions = (
				en,
				Base,
			);
			mainGroup = 604C56EE20C7FBC500DFB33B;
			productRefGroup = 604C56F820C7FBC600DFB33B /* Products */;
			projectDirPath = "";
			projectRoot = "";
			targets = (
				604C56F620C7FBC500DFB33B /* RecordAndTrimVideo */,
			);
		};
/* End PBXProject section */

/* Begin PBXResourcesBuildPhase section */
		604C56F520C7FBC500DFB33B /* Resources */ = {
			isa = PBXResourcesBuildPhase;
			buildActionMask = 2147483647;
			files = (
				604C570520C7FBCC00DFB33B /* LaunchScreen.storyboard in Resources */,
				604C570220C7FBCC00DFB33B /* Assets.xcassets in Resources */,
				604C570020C7FBC600DFB33B /* Main.storyboard in Resources */,
			);
			runOnlyForDeploymentPostprocessing = 0;
		};
/* End PBXResourcesBuildPhase section */

/* Begin PBXSourcesBuildPhase section */
		604C56F320C7FBC500DFB33B /* Sources */ = {
			isa = PBXSourcesBuildPhase;
			buildActionMask = 2147483647;
			files = (
				604C56FD20C7FBC600DFB33B /* ViewController.swift in Sources */,
				604C56FB20C7FBC600DFB33B /* AppDelegate.swift in Sources */,
			);
			runOnlyForDeploymentPostprocessing = 0;
		};
/* End PBXSourcesBuildPhase section */

/* Begin PBXVariantGroup section */
		604C56FE20C7FBC600DFB33B /* Main.storyboard */ = {
			isa = PBXVariantGroup;
			children = (
				604C56FF20C7FBC600DFB33B /* Base */,
			);
			name = Main.storyboard;
			sourceTree = "<group>";
		};
		604C570320C7FBCC00DFB33B /* LaunchScreen.storyboard */ = {
			isa = PBXVariantGroup;
			children = (
				604C570420C7FBCC00DFB33B /* Base */,
			);
			name = LaunchScreen.storyboard;
			sourceTree = "<group>";
		};
/* End PBXVariantGroup section */

/* Begin XCBuildConfiguration section */
		604C570720C7FBCC00DFB33B /* Debug */ = {
			isa = XCBuildConfiguration;
			buildSettings = {
				ALWAYS_SEARCH_USER_PATHS = NO;
				CLANG_ANALYZER_NONNULL = YES;
				CLANG_ANALYZER_NUMBER_OBJECT_CONVERSION = YES_AGGRESSIVE;
				CLANG_CXX_LANGUAGE_STANDARD = "gnu++14";
				CLANG_CXX_LIBRARY = "libc++";
				CLANG_ENABLE_MODULES = YES;
				CLANG_ENABLE_OBJC_ARC = YES;
				CLANG_ENABLE_OBJC_WEAK = YES;
				CLANG_WARN_BLOCK_CAPTURE_AUTORELEASING = YES;
				CLANG_WARN_BOOL_CONVERSION = YES;
				CLANG_WARN_COMMA = YES;
				CLANG_WARN_CONSTANT_CONVERSION = YES;
				CLANG_WARN_DEPRECATED_OBJC_IMPLEMENTATIONS = YES;
				CLANG_WARN_DIRECT_OBJC_ISA_USAGE = YES_ERROR;
				CLANG_WARN_DOCUMENTATION_COMMENTS = YES;
				CLANG_WARN_EMPTY_BODY = YES;
				CLANG_WARN_ENUM_CONVERSION = YES;
				CLANG_WARN_INFINITE_RECURSION = YES;
				CLANG_WARN_INT_CONVERSION = YES;
				CLANG_WARN_NON_LITERAL_NULL_CONVERSION = YES;
				CLANG_WARN_OBJC_IMPLICIT_RETAIN_SELF = YES;
				CLANG_WARN_OBJC_LITERAL_CONVERSION = YES;
				CLANG_WARN_OBJC_ROOT_CLASS = YES_ERROR;
				CLANG_WARN_RANGE_LOOP_ANALYSIS = YES;
				CLANG_WARN_STRICT_PROTOTYPES = YES;
				CLANG_WARN_SUSPICIOUS_MOVE = YES;
				CLANG_WARN_UNGUARDED_AVAILABILITY = YES_AGGRESSIVE;
				CLANG_WARN_UNREACHABLE_CODE = YES;
				CLANG_WARN__DUPLICATE_METHOD_MATCH = YES;
				CODE_SIGN_IDENTITY = "iPhone Developer";
				COPY_PHASE_STRIP = NO;
				DEBUG_INFORMATION_FORMAT = dwarf;
				ENABLE_STRICT_OBJC_MSGSEND = YES;
				ENABLE_TESTABILITY = YES;
				GCC_C_LANGUAGE_STANDARD = gnu11;
				GCC_DYNAMIC_NO_PIC = NO;
				GCC_NO_COMMON_BLOCKS = YES;
				GCC_OPTIMIZATION_LEVEL = 0;
				GCC_PREPROCESSOR_DEFINITIONS = (
					"DEBUG=1",
					"$(inherited)",
				);
				GCC_WARN_64_TO_32_BIT_CONVERSION = YES;
				GCC_WARN_ABOUT_RETURN_TYPE = YES_ERROR;
				GCC_WARN_UNDECLARED_SELECTOR = YES;
				GCC_WARN_UNINITIALIZED_AUTOS = YES_AGGRESSIVE;
				GCC_WARN_UNUSED_FUNCTION = YES;
				GCC_WARN_UNUSED_VARIABLE = YES;
				IPHONEOS_DEPLOYMENT_TARGET = 11.4;
				MTL_ENABLE_DEBUG_INFO = YES;
				ONLY_ACTIVE_ARCH = YES;
				SDKROOT = iphoneos;
				SWIFT_ACTIVE_COMPILATION_CONDITIONS = DEBUG;
				SWIFT_OPTIMIZATION_LEVEL = "-Onone";
			};
			name = Debug;
		};
		604C570820C7FBCC00DFB33B /* Release */ = {
			isa = XCBuildConfiguration;
			buildSettings = {
				ALWAYS_SEARCH_USER_PATHS = NO;
				CLANG_ANALYZER_NONNULL = YES;
				CLANG_ANALYZER_NUMBER_OBJECT_CONVERSION = YES_AGGRESSIVE;
				CLANG_CXX_LANGUAGE_STANDARD = "gnu++14";
				CLANG_CXX_LIBRARY = "libc++";
				CLANG_ENABLE_MODULES = YES;
				CLANG_ENABLE_OBJC_ARC = YES;
				CLANG_ENABLE_OBJC_WEAK = YES;
				CLANG_WARN_BLOCK_CAPTURE_AUTORELEASING = YES;
				CLANG_WARN_BOOL_CONVERSION = YES;
				CLANG_WARN_COMMA = YES;
				CLANG_WARN_CONSTANT_CONVERSION = YES;
				CLANG_WARN_DEPRECATED_OBJC_IMPLEMENTATIONS = YES;
				CLANG_WARN_DIRECT_OBJC_ISA_USAGE = YES_ERROR;
				CLANG_WARN_DOCUMENTATION_COMMENTS = YES;
				CLANG_WARN_EMPTY_BODY = YES;
				CLANG_WARN_ENUM_CONVERSION = YES;
				CLANG_WARN_INFINITE_RECURSION = YES;
				CLANG_WARN_INT_CONVERSION = YES;
				CLANG_WARN_NON_LITERAL_NULL_CONVERSION = YES;
				CLANG_WARN_OBJC_IMPLICIT_RETAIN_SELF = YES;
				CLANG_WARN_OBJC_LITERAL_CONVERSION = YES;
				CLANG_WARN_OBJC_ROOT_CLASS = YES_ERROR;
				CLANG_WARN_RANGE_LOOP_ANALYSIS = YES;
				CLANG_WARN_STRICT_PROTOTYPES = YES;
				CLANG_WARN_SUSPICIOUS_MOVE = YES;
				CLANG_WARN_UNGUARDED_AVAILABILITY = YES_AGGRESSIVE;
				CLANG_WARN_UNREACHABLE_CODE = YES;
				CLANG_WARN__DUPLICATE_METHOD_MATCH = YES;
				CODE_SIGN_IDENTITY = "iPhone Developer";
				COPY_PHASE_STRIP = NO;
				DEBUG_INFORMATION_FORMAT = "dwarf-with-dsym";
				ENABLE_NS_ASSERTIONS = NO;
				ENABLE_STRICT_OBJC_MSGSEND = YES;
				GCC_C_LANGUAGE_STANDARD = gnu11;
				GCC_NO_COMMON_BLOCKS = YES;
				GCC_WARN_64_TO_32_BIT_CONVERSION = YES;
				GCC_WARN_ABOUT_RETURN_TYPE = YES_ERROR;
				GCC_WARN_UNDECLARED_SELECTOR = YES;
				GCC_WARN_UNINITIALIZED_AUTOS = YES_AGGRESSIVE;
				GCC_WARN_UNUSED_FUNCTION = YES;
				GCC_WARN_UNUSED_VARIABLE = YES;
				IPHONEOS_DEPLOYMENT_TARGET = 11.4;
				MTL_ENABLE_DEBUG_INFO = NO;
				SDKROOT = iphoneos;
				SWIFT_COMPILATION_MODE = wholemodule;
				SWIFT_OPTIMIZATION_LEVEL = "-O";
				VALIDATE_PRODUCT = YES;
			};
			name = Release;
		};
		604C570A20C7FBCC00DFB33B /* Debug */ = {
			isa = XCBuildConfiguration;
			buildSettings = {
				ASSETCATALOG_COMPILER_APPICON_NAME = AppIcon;
				CODE_SIGN_STYLE = Automatic;
				DEVELOPMENT_TEAM = UDP9QHRJQB;
				INFOPLIST_FILE = RecordAndTrimVideo/Info.plist;
				LD_RUNPATH_SEARCH_PATHS = (
					"$(inherited)",
					"@executable_path/Frameworks",
				);
				PRODUCT_BUNDLE_IDENTIFIER = com.sleepybytes.RecordAndTrimVideo;
				PRODUCT_NAME = "$(TARGET_NAME)";
				SWIFT_VERSION = 4.0;
				TARGETED_DEVICE_FAMILY = "1,2";
			};
			name = Debug;
		};
		604C570B20C7FBCC00DFB33B /* Release */ = {
			isa = XCBuildConfiguration;
			buildSettings = {
				ASSETCATALOG_COMPILER_APPICON_NAME = AppIcon;
				CODE_SIGN_STYLE = Automatic;
				DEVELOPMENT_TEAM = UDP9QHRJQB;
				INFOPLIST_FILE = RecordAndTrimVideo/Info.plist;
				LD_RUNPATH_SEARCH_PATHS = (
					"$(inherited)",
					"@executable_path/Frameworks",
				);
				PRODUCT_BUNDLE_IDENTIFIER = com.sleepybytes.RecordAndTrimVideo;
				PRODUCT_NAME = "$(TARGET_NAME)";
				SWIFT_VERSION = 4.0;
				TARGETED_DEVICE_FAMILY = "1,2";
			};
			name = Release;
		};
/* End XCBuildConfiguration section */

/* Begin XCConfigurationList section */
		604C56F220C7FBC500DFB33B /* Build configuration list for PBXProject "RecordAndTrimVideo" */ = {
			isa = XCConfigurationList;
			buildConfigurations = (
				604C570720C7FBCC00DFB33B /* Debug */,
				604C570820C7FBCC00DFB33B /* Release */,
			);
			defaultConfigurationIsVisible = 0;
			defaultConfigurationName = Release;
		};
		604C570920C7FBCC00DFB33B /* Build configuration list for PBXNativeTarget "RecordAndTrimVideo" */ = {
			isa = XCConfigurationList;
			buildConfigurations = (
				604C570A20C7FBCC00DFB33B /* Debug */,
				604C570B20C7FBCC00DFB33B /* Release */,
			);
			defaultConfigurationIsVisible = 0;
			defaultConfigurationName = Release;
		};
/* End XCConfigurationList section */
	};
	rootObject = 604C56EF20C7FBC500DFB33B /* Project object */;
}
